
Microsoft Visual Studio Solution File, Format Version 12.00
# Visual Studio Version 17
VisualStudioVersion = 17.14.37111.16 d17.14
MinimumVisualStudioVersion = 10.0.40219.1
Project("{FAE04EC0-301F-11D3-BF4B-00C04F79EFBC}") = "TrainingCertificationPlatform", "TrainingCertificationPlatform\TrainingCertificationPlatform.csproj", "{DBD1BEEE-1D88-431D-82BC-C772CE0E2E6C}"
EndProject
Global
	GlobalSection(SolutionConfigurationPlatforms) = preSolution
		Debug|Any CPU = Debug|Any CPU
		Release|Any CPU = Release|Any CPU
	EndGlobalSection
	GlobalSection(ProjectConfigurationPlatforms) = postSolution
		{DBD1BEEE-1D88-431D-82BC-C772CE0E2E6C}.Debug|Any CPU.ActiveCfg = Debug|Any CPU
		{DBD1BEEE-1D88-431D-82BC-C772CE0E2E6C}.Debug|Any CPU.Build.0 = Debug|Any CPU
		{DBD1BEEE-1D88-431D-82BC-C772CE0E2E6C}.Release|Any CPU.ActiveCfg = Release|Any CPU
		{DBD1BEEE-1D88-431D-82BC-C772CE0E2E6C}.Release|Any CPU.Build.0 = Release|Any CPU
	EndGlobalSection
	GlobalSection(SolutionProperties) = preSolution
		HideSolutionNode = FALSE
	EndGlobalSection
	GlobalSection(ExtensibilityGlobals) = postSolution
		SolutionGuid = {1AFD75DC-C612-4E79-97E7-7233A1673B58}
	EndGlobalSection
EndGlobal
